
Microsoft Visual Studio Solution File, Format Version 12.00
# Visual Studio Version 16
VisualStudioVersion = 16.0.29326.143
MinimumVisualStudioVersion = 10.0.40219.1
Project("{9A19103F-16F7-4668-BE54-9A1E7A4F7556}") = "HeapPriorityQueue", "HeapPriorityQueue\HeapPriorityQueue.csproj", "{C7C1012B-9456-4A3F-892E-0214DEF6E766}"
EndProject
Project("{9A19103F-16F7-4668-BE54-9A1E7A4F7556}") = "HeapPriorityQueueTests", "HeapPriorityQueueTests\HeapPriorityQueueTests.csproj", "{E49B1BBD-7E97-4496-A976-CEBB1810A053}"
EndProject
Project("{FAE04EC0-301F-11D3-BF4B-00C04F79EFBC}") = "ConsoleTest", "ConsoleTest\ConsoleTest.csproj", "{B2190B47-B830-426E-B993-C7CCC832EB36}"
EndProject
Global
	GlobalSection(SolutionConfigurationPlatforms) = preSolution
		Debug|Any CPU = Debug|Any CPU
		Release|Any CPU = Release|Any CPU
	EndGlobalSection
	GlobalSection(ProjectConfigurationPlatforms) = postSolution
		{C7C1012B-9456-4A3F-892E-0214DEF6E766}.Debug|Any CPU.ActiveCfg = Debug|Any CPU
		{C7C1012B-9456-4A3F-892E-0214DEF6E766}.Debug|Any CPU.Build.0 = Debug|Any CPU
		{C7C1012B-9456-4A3F-892E-0214DEF6E766}.Release|Any CPU.ActiveCfg = Release|Any CPU
		{C7C1012B-9456-4A3F-892E-0214DEF6E766}.Release|Any CPU.Build.0 = Release|Any CPU
		{E49B1BBD-7E97-4496-A976-CEBB1810A053}.Debug|Any CPU.ActiveCfg = Debug|Any CPU
		{E49B1BBD-7E97-4496-A976-CEBB1810A053}.Debug|Any CPU.Build.0 = Debug|Any CPU
		{E49B1BBD-7E97-4496-A976-CEBB1810A053}.Release|Any CPU.ActiveCfg = Release|Any CPU
		{E49B1BBD-7E97-4496-A976-CEBB1810A053}.Release|Any CPU.Build.0 = Release|Any CPU
		{B2190B47-B830-426E-B993-C7CCC832EB36}.Debug|Any CPU.ActiveCfg = Debug|Any CPU
		{B2190B47-B830-426E-B993-C7CCC832EB36}.Debug|Any CPU.Build.0 = Debug|Any CPU
		{B2190B47-B830-426E-B993-C7CCC832EB36}.Release|Any CPU.ActiveCfg = Release|Any CPU
		{B2190B47-B830-426E-B993-C7CCC832EB36}.Release|Any CPU.Build.0 = Release|Any CPU
	EndGlobalSection
	GlobalSection(SolutionProperties) = preSolution
		HideSolutionNode = FALSE
	EndGlobalSection
	GlobalSection(ExtensibilityGlobals) = postSolution
		SolutionGuid = {6EA83CF4-22C7-4EC9-B22B-6D19FB63527C}
	EndGlobalSection
EndGlobal
